
Microsoft Visual Studio Solution File, Format Version 12.00
# Visual Studio Version 17
VisualStudioVersion = 17.9.34622.214
MinimumVisualStudioVersion = 10.0.40219.1
Project("{FAE04EC0-301F-11D3-BF4B-00C04F79EFBC}") = "NewsAggregator", "NewsAggregator.csproj", "{F6B19BF1-10B2-45CB-86A9-E149973F0DDD}"
EndProject
Global
	GlobalSection(SolutionConfigurationPlatforms) = preSolution
		Debug|Any CPU = Debug|Any CPU
		Release|Any CPU = Release|Any CPU
	EndGlobalSection
	GlobalSection(ProjectConfigurationPlatforms) = postSolution
		{F6B19BF1-10B2-45CB-86A9-E149973F0DDD}.Debug|Any CPU.ActiveCfg = Debug|Any CPU
		{F6B19BF1-10B2-45CB-86A9-E149973F0DDD}.Debug|Any CPU.Build.0 = Debug|Any CPU
		{F6B19BF1-10B2-45CB-86A9-E149973F0DDD}.Release|Any CPU.ActiveCfg = Release|Any CPU
		{F6B19BF1-10B2-45CB-86A9-E149973F0DDD}.Release|Any CPU.Build.0 = Release|Any CPU
	EndGlobalSection
	GlobalSection(SolutionProperties) = preSolution
		HideSolutionNode = FALSE
	EndGlobalSection
	GlobalSection(ExtensibilityGlobals) = postSolution
		SolutionGuid = {12F53543-8122-4707-86F1-C003979919AC}
	EndGlobalSection
EndGlobal
